// !$*UTF8*$!
{
	archiveVersion = 1;
	classes = {
	};
	objectVersion = 50;
	objects = {

/* Begin PBXBuildFile section */
		EA2BF3FF2113EEB600AFB2F6 /* Security.framework in Frameworks */ = {isa = PBXBuildFile; fileRef = EA2BF3FC2113EEB600AFB2F6 /* Security.framework */; };
		EA2BF4022113EF4900AFB2F6 /* KeychainItemWrapper.m in Sources */ = {isa = PBXBuildFile; fileRef = EA2BF4012113EF4900AFB2F6 /* KeychainItemWrapper.m */; settings = {COMPILER_FLAGS = "-fno-objc-arc"; }; };
		EA2BF41A2113F89F00AFB2F6 /* Info.plist in Resources */ = {isa = PBXBuildFile; fileRef = EA2BF4042113F89F00AFB2F6 /* Info.plist */; };
		EA2BF41B2113F89F00AFB2F6 /* MJExtensionConst.m in Sources */ = {isa = PBXBuildFile; fileRef = EA2BF4072113F89F00AFB2F6 /* MJExtensionConst.m */; };
		EA2BF41C2113F89F00AFB2F6 /* MJFoundation.m in Sources */ = {isa = PBXBuildFile; fileRef = EA2BF4092113F89F00AFB2F6 /* MJFoundation.m */; };
		EA2BF41D2113F89F00AFB2F6 /* MJProperty.m in Sources */ = {isa = PBXBuildFile; fileRef = EA2BF40B2113F89F00AFB2F6 /* MJProperty.m */; };
		EA2BF41E2113F89F00AFB2F6 /* MJPropertyKey.m in Sources */ = {isa = PBXBuildFile; fileRef = EA2BF40D2113F89F00AFB2F6 /* MJPropertyKey.m */; };
		EA2BF41F2113F89F00AFB2F6 /* MJPropertyType.m in Sources */ = {isa = PBXBuildFile; fileRef = EA2BF40F2113F89F00AFB2F6 /* MJPropertyType.m */; };
		EA2BF4202113F89F00AFB2F6 /* NSObject+MJClass.m in Sources */ = {isa = PBXBuildFile; fileRef = EA2BF4112113F89F00AFB2F6 /* NSObject+MJClass.m */; };
		EA2BF4212113F89F00AFB2F6 /* NSObject+MJCoding.m in Sources */ = {isa = PBXBuildFile; fileRef = EA2BF4132113F89F00AFB2F6 /* NSObject+MJCoding.m */; };
		EA2BF4222113F89F00AFB2F6 /* NSObject+MJKeyValue.m in Sources */ = {isa = PBXBuildFile; fileRef = EA2BF4152113F89F00AFB2F6 /* NSObject+MJKeyValue.m */; };
		EA2BF4232113F89F00AFB2F6 /* NSObject+MJProperty.m in Sources */ = {isa = PBXBuildFile; fileRef = EA2BF4172113F89F00AFB2F6 /* NSObject+MJProperty.m */; };
		EA2BF4242113F89F00AFB2F6 /* NSString+MJExtension.m in Sources */ = {isa = PBXBuildFile; fileRef = EA2BF4192113F89F00AFB2F6 /* NSString+MJExtension.m */; };
		EA2BF42C2113F9AF00AFB2F6 /* WHC_ModelSqlite.m in Sources */ = {isa = PBXBuildFile; fileRef = EA2BF42B2113F9AF00AFB2F6 /* WHC_ModelSqlite.m */; };
		EA2BF42F211405DC00AFB2F6 /* AccountModel.m in Sources */ = {isa = PBXBuildFile; fileRef = EA2BF42E211405DC00AFB2F6 /* AccountModel.m */; };
		EA2BF432211406FB00AFB2F6 /* AddressModel.m in Sources */ = {isa = PBXBuildFile; fileRef = EA2BF431211406FB00AFB2F6 /* AddressModel.m */; };
		EA2BF43621142D2800AFB2F6 /* HomeViewController.m in Sources */ = {isa = PBXBuildFile; fileRef = EA2BF43521142D2800AFB2F6 /* HomeViewController.m */; };
		EA2BF43B2114578A00AFB2F6 /* HomeCell.m in Sources */ = {isa = PBXBuildFile; fileRef = EA2BF4392114578A00AFB2F6 /* HomeCell.m */; };
		EA2BF43C2114578A00AFB2F6 /* HomeCell.xib in Resources */ = {isa = PBXBuildFile; fileRef = EA2BF43A2114578A00AFB2F6 /* HomeCell.xib */; };
		EA2BF44321145DB700AFB2F6 /* WalletDetailsViewController.m in Sources */ = {isa = PBXBuildFile; fileRef = EA2BF44121145DB700AFB2F6 /* WalletDetailsViewController.m */; };
		EA2BF44421145DB700AFB2F6 /* WalletDetailsViewController.xib in Resources */ = {isa = PBXBuildFile; fileRef = EA2BF44221145DB700AFB2F6 /* WalletDetailsViewController.xib */; };
		EA5C4189210EF10900A61E3D /* CreateWalletViewController.m in Sources */ = {isa = PBXBuildFile; fileRef = EA5C4187210EF10900A61E3D /* CreateWalletViewController.m */; };
		EA5C418A210EF10900A61E3D /* CreateWalletViewController.xib in Resources */ = {isa = PBXBuildFile; fileRef = EA5C4188210EF10900A61E3D /* CreateWalletViewController.xib */; };
		EA5C418D210EF2F100A61E3D /* UINavigationBar+BackgroundColor.m in Sources */ = {isa = PBXBuildFile; fileRef = EA5C418C210EF2F100A61E3D /* UINavigationBar+BackgroundColor.m */; };
		EA5C4191210EF63000A61E3D /* WalletNavigationController.m in Sources */ = {isa = PBXBuildFile; fileRef = EA5C4190210EF63000A61E3D /* WalletNavigationController.m */; };
		EA5C4195210EFA7200A61E3D /* MyTextField.m in Sources */ = {isa = PBXBuildFile; fileRef = EA5C4194210EFA7200A61E3D /* MyTextField.m */; };
		EA5C41A2210F0E3B00A61E3D /* SVIndefiniteAnimatedView.m in Sources */ = {isa = PBXBuildFile; fileRef = EA5C4199210F0E3B00A61E3D /* SVIndefiniteAnimatedView.m */; };
		EA5C41A3210F0E3B00A61E3D /* SVProgressAnimatedView.m in Sources */ = {isa = PBXBuildFile; fileRef = EA5C419B210F0E3B00A61E3D /* SVProgressAnimatedView.m */; };
		EA5C41A4210F0E3B00A61E3D /* SVProgressHUD.bundle in Resources */ = {isa = PBXBuildFile; fileRef = EA5C419D210F0E3B00A61E3D /* SVProgressHUD.bundle */; };
		EA5C41A5210F0E3B00A61E3D /* SVProgressHUD.m in Sources */ = {isa = PBXBuildFile; fileRef = EA5C419F210F0E3B00A61E3D /* SVProgressHUD.m */; };
		EA5C41A6210F0E3B00A61E3D /* SVRadialGradientLayer.m in Sources */ = {isa = PBXBuildFile; fileRef = EA5C41A1210F0E3B00A61E3D /* SVRadialGradientLayer.m */; };
		EA74A48F210EE2B600AE1CFC /* WalletManager.m in Sources */ = {isa = PBXBuildFile; fileRef = EA74A48E210EE2B600AE1CFC /* WalletManager.m */; };
		EA74A49D210EEEE200AE1CFC /* NotWalletViewController.m in Sources */ = {isa = PBXBuildFile; fileRef = EA74A49B210EEEE200AE1CFC /* NotWalletViewController.m */; };
		EA74A49E210EEEE200AE1CFC /* NotWalletViewController.xib in Resources */ = {isa = PBXBuildFile; fileRef = EA74A49C210EEEE200AE1CFC /* NotWalletViewController.xib */; };
		EAAF4079210B060F00065783 /* AppDelegate.m in Sources */ = {isa = PBXBuildFile; fileRef = EAAF4078210B060F00065783 /* AppDelegate.m */; };
		EAAF407C210B060F00065783 /* ViewController.m in Sources */ = {isa = PBXBuildFile; fileRef = EAAF407B210B060F00065783 /* ViewController.m */; };
		EAAF407F210B060F00065783 /* Main.storyboard in Resources */ = {isa = PBXBuildFile; fileRef = EAAF407D210B060F00065783 /* Main.storyboard */; };
		EAAF4081210B061100065783 /* Assets.xcassets in Resources */ = {isa = PBXBuildFile; fileRef = EAAF4080210B061100065783 /* Assets.xcassets */; };
		EAAF4084210B061100065783 /* LaunchScreen.storyboard in Resources */ = {isa = PBXBuildFile; fileRef = EAAF4082210B061100065783 /* LaunchScreen.storyboard */; };
		EAAF4087210B061100065783 /* main.m in Sources */ = {isa = PBXBuildFile; fileRef = EAAF4086210B061100065783 /* main.m */; };
		EAAF4091210B061100065783 /* EthersWallet_iosTests.m in Sources */ = {isa = PBXBuildFile; fileRef = EAAF4090210B061100065783 /* EthersWallet_iosTests.m */; };
		EAAF409C210B061100065783 /* EthersWallet_iosUITests.m in Sources */ = {isa = PBXBuildFile; fileRef = EAAF409B210B061100065783 /* EthersWallet_iosUITests.m */; };
		EAAF40B3210B067C00065783 /* ethers.framework in Frameworks */ = {isa = PBXBuildFile; fileRef = EAAF40AF210B066500065783 /* ethers.framework */; };
		EAAF40C5210B3DF800065783 /* NSString+judge.m in Sources */ = {isa = PBXBuildFile; fileRef = EAAF40C4210B3DF800065783 /* NSString+judge.m */; };
		EAD5A2C2211937BB00F5D50F /* HasKeyStoreViewController.m in Sources */ = {isa = PBXBuildFile; fileRef = EAD5A2C0211937BB00F5D50F /* HasKeyStoreViewController.m */; };
		EAD5A2C3211937BB00F5D50F /* HasKeyStoreViewController.xib in Resources */ = {isa = PBXBuildFile; fileRef = EAD5A2C1211937BB00F5D50F /* HasKeyStoreViewController.xib */; };
		EAD5A2C82119441200F5D50F /* HHShowView.m in Sources */ = {isa = PBXBuildFile; fileRef = EAD5A2C72119441200F5D50F /* HHShowView.m */; };
		EAD5A2E62119454F00F5D50F /* LICENSE in Resources */ = {isa = PBXBuildFile; fileRef = EAD5A2CA2119454F00F5D50F /* LICENSE */; };
		EAD5A2E72119454F00F5D50F /* MASCompositeConstraint.m in Sources */ = {isa = PBXBuildFile; fileRef = EAD5A2CD2119454F00F5D50F /* MASCompositeConstraint.m */; };
		EAD5A2E82119454F00F5D50F /* MASConstraint.m in Sources */ = {isa = PBXBuildFile; fileRef = EAD5A2D02119454F00F5D50F /* MASConstraint.m */; };
		EAD5A2E92119454F00F5D50F /* MASConstraintMaker.m in Sources */ = {isa = PBXBuildFile; fileRef = EAD5A2D22119454F00F5D50F /* MASConstraintMaker.m */; };
		EAD5A2EA2119454F00F5D50F /* MASLayoutConstraint.m in Sources */ = {isa = PBXBuildFile; fileRef = EAD5A2D42119454F00F5D50F /* MASLayoutConstraint.m */; };
		EAD5A2EB2119454F00F5D50F /* MASViewAttribute.m in Sources */ = {isa = PBXBuildFile; fileRef = EAD5A2D82119454F00F5D50F /* MASViewAttribute.m */; };
		EAD5A2EC2119454F00F5D50F /* MASViewConstraint.m in Sources */ = {isa = PBXBuildFile; fileRef = EAD5A2DA2119454F00F5D50F /* MASViewConstraint.m */; };
		EAD5A2ED2119454F00F5D50F /* NSArray+MASAdditions.m in Sources */ = {isa = PBXBuildFile; fileRef = EAD5A2DC2119454F00F5D50F /* NSArray+MASAdditions.m */; };
		EAD5A2EE2119454F00F5D50F /* NSLayoutConstraint+MASDebugAdditions.m in Sources */ = {isa = PBXBuildFile; fileRef = EAD5A2DF2119454F00F5D50F /* NSLayoutConstraint+MASDebugAdditions.m */; };
		EAD5A2EF2119454F00F5D50F /* View+MASAdditions.m in Sources */ = {isa = PBXBuildFile; fileRef = EAD5A2E12119454F00F5D50F /* View+MASAdditions.m */; };
		EAD5A2F02119454F00F5D50F /* ViewController+MASAdditions.m in Sources */ = {isa = PBXBuildFile; fileRef = EAD5A2E42119454F00F5D50F /* ViewController+MASAdditions.m */; };
		EAD5A2F12119454F00F5D50F /* README.md in Resources */ = {isa = PBXBuildFile; fileRef = EAD5A2E52119454F00F5D50F /* README.md */; };
		EAD5A2F421194B7D00F5D50F /* SimpleManager.m in Sources */ = {isa = PBXBuildFile; fileRef = EAD5A2F321194B7D00F5D50F /* SimpleManager.m */; };
		EAD5A2F821196E0300F5D50F /* Setting ViewController.m in Sources */ = {isa = PBXBuildFile; fileRef = EAD5A2F721196E0300F5D50F /* Setting ViewController.m */; };
		EAD5A2FC211982E700F5D50F /* TableViewCell.m in Sources */ = {isa = PBXBuildFile; fileRef = EAD5A2FB211982E700F5D50F /* TableViewCell.m */; };
		EAD5A3042119870600F5D50F /* RestoreWalletViewController.m in Sources */ = {isa = PBXBuildFile; fileRef = EAD5A3032119870600F5D50F /* RestoreWalletViewController.m */; };
/* End PBXBuildFile section */

/* Begin PBXContainerItemProxy section */
		EAAF408D210B061100065783 /* PBXContainerItemProxy */ = {
			isa = PBXContainerItemProxy;
			containerPortal = EAAF406C210B060F00065783 /* Project object */;
			proxyType = 1;
			remoteGlobalIDString = EAAF4073210B060F00065783;
			remoteInfo = "EthersWallet-ios";
		};
		EAAF4098210B061100065783 /* PBXContainerItemProxy */ = {
			isa = PBXContainerItemProxy;
			containerPortal = EAAF406C210B060F00065783 /* Project object */;
			proxyType = 1;
			remoteGlobalIDString = EAAF4073210B060F00065783;
			remoteInfo = "EthersWallet-ios";
		};
		EAAF40AE210B066500065783 /* PBXContainerItemProxy */ = {
			isa = PBXContainerItemProxy;
			containerPortal = EAAF40A9210B066500065783 /* ethers.xcodeproj */;
			proxyType = 2;
			remoteGlobalIDString = E2317E631E3191AC00DBE3E4;
			remoteInfo = ethers;
		};
		EAAF40B0210B066500065783 /* PBXContainerItemProxy */ = {
			isa = PBXContainerItemProxy;
			containerPortal = EAAF40A9210B066500065783 /* ethers.xcodeproj */;
			proxyType = 2;
			remoteGlobalIDString = E2317E6C1E3191AC00DBE3E4;
			remoteInfo = ethersTests;
		};
/* End PBXContainerItemProxy section */

/* Begin PBXFileReference section */
		EA2BF3FC2113EEB600AFB2F6 /* Security.framework */ = {isa = PBXFileReference; lastKnownFileType = wrapper.framework; name = Security.framework; path = System/Library/Frameworks/Security.framework; sourceTree = SDKROOT; };
		EA2BF4002113EF4900AFB2F6 /* KeychainItemWrapper.h */ = {isa = PBXFileReference; lastKnownFileType = sourcecode.c.h; path = KeychainItemWrapper.h; sourceTree = "<group>"; };
		EA2BF4012113EF4900AFB2F6 /* KeychainItemWrapper.m */ = {isa = PBXFileReference; lastKnownFileType = sourcecode.c.objc; path = KeychainItemWrapper.m; sourceTree = "<group>"; };
		EA2BF4042113F89F00AFB2F6 /* Info.plist */ = {isa = PBXFileReference; fileEncoding = 4; lastKnownFileType = text.plist.xml; path = Info.plist; sourceTree = "<group>"; };
		EA2BF4052113F89F00AFB2F6 /* MJExtension.h */ = {isa = PBXFileReference; fileEncoding = 4; lastKnownFileType = sourcecode.c.h; path = MJExtension.h; sourceTree = "<group>"; };
		EA2BF4062113F89F00AFB2F6 /* MJExtensionConst.h */ = {isa = PBXFileReference; fileEncoding = 4; lastKnownFileType = sourcecode.c.h; path = MJExtensionConst.h; sourceTree = "<group>"; };
		EA2BF4072113F89F00AFB2F6 /* MJExtensionConst.m */ = {isa = PBXFileReference; fileEncoding = 4; lastKnownFileType = sourcecode.c.objc; path = MJExtensionConst.m; sourceTree = "<group>"; };
		EA2BF4082113F89F00AFB2F6 /* MJFoundation.h */ = {isa = PBXFileReference; fileEncoding = 4; lastKnownFileType = sourcecode.c.h; path = MJFoundation.h; sourceTree = "<group>"; };
		EA2BF4092113F89F00AFB2F6 /* MJFoundation.m */ = {isa = PBXFileReference; fileEncoding = 4; lastKnownFileType = sourcecode.c.objc; path = MJFoundation.m; sourceTree = "<group>"; };
		EA2BF40A2113F89F00AFB2F6 /* MJProperty.h */ = {isa = PBXFileReference; fileEncoding = 4; lastKnownFileType = sourcecode.c.h; path = MJProperty.h; sourceTree = "<group>"; };
		EA2BF40B2113F89F00AFB2F6 /* MJProperty.m */ = {isa = PBXFileReference; fileEncoding = 4; lastKnownFileType = sourcecode.c.objc; path = MJProperty.m; sourceTree = "<group>"; };
		EA2BF40C2113F89F00AFB2F6 /* MJPropertyKey.h */ = {isa = PBXFileReference; fileEncoding = 4; lastKnownFileType = sourcecode.c.h; path = MJPropertyKey.h; sourceTree = "<group>"; };
		EA2BF40D2113F89F00AFB2F6 /* MJPropertyKey.m */ = {isa = PBXFileReference; fileEncoding = 4; lastKnownFileType = sourcecode.c.objc; path = MJPropertyKey.m; sourceTree = "<group>"; };
		EA2BF40E2113F89F00AFB2F6 /* MJPropertyType.h */ = {isa = PBXFileReference; fileEncoding = 4; lastKnownFileType = sourcecode.c.h; path = MJPropertyType.h; sourceTree = "<group>"; };
		EA2BF40F2113F89F00AFB2F6 /* MJPropertyType.m */ = {isa = PBXFileReference; fileEncoding = 4; lastKnownFileType = sourcecode.c.objc; path = MJPropertyType.m; sourceTree = "<group>"; };
		EA2BF4102113F89F00AFB2F6 /* NSObject+MJClass.h */ = {isa = PBXFileReference; fileEncoding = 4; lastKnownFileType = sourcecode.c.h; path = "NSObject+MJClass.h"; sourceTree = "<group>"; };
		EA2BF4112113F89F00AFB2F6 /* NSObject+MJClass.m */ = {isa = PBXFileReference; fileEncoding = 4; lastKnownFileType = sourcecode.c.objc; path = "NSObject+MJClass.m"; sourceTree = "<group>"; };
		EA2BF4122113F89F00AFB2F6 /* NSObject+MJCoding.h */ = {isa = PBXFileReference; fileEncoding = 4; lastKnownFileType = sourcecode.c.h; path = "NSObject+MJCoding.h"; sourceTree = "<group>"; };
		EA2BF4132113F89F00AFB2F6 /* NSObject+MJCoding.m */ = {isa = PBXFileReference; fileEncoding = 4; lastKnownFileType = sourcecode.c.objc; path = "NSObject+MJCoding.m"; sourceTree = "<group>"; };
		EA2BF4142113F89F00AFB2F6 /* NSObject+MJKeyValue.h */ = {isa = PBXFileReference; fileEncoding = 4; lastKnownFileType = sourcecode.c.h; path = "NSObject+MJKeyValue.h"; sourceTree = "<group>"; };
		EA2BF4152113F89F00AFB2F6 /* NSObject+MJKeyValue.m */ = {isa = PBXFileReference; fileEncoding = 4; lastKnownFileType = sourcecode.c.objc; path = "NSObject+MJKeyValue.m"; sourceTree = "<group>"; };
		EA2BF4162113F89F00AFB2F6 /* NSObject+MJProperty.h */ = {isa = PBXFileReference; fileEncoding = 4; lastKnownFileType = sourcecode.c.h; path = "NSObject+MJProperty.h"; sourceTree = "<group>"; };
		EA2BF4172113F89F00AFB2F6 /* NSObject+MJProperty.m */ = {isa = PBXFileReference; fileEncoding = 4; lastKnownFileType = sourcecode.c.objc; path = "NSObject+MJProperty.m"; sourceTree = "<group>"; };
		EA2BF4182113F89F00AFB2F6 /* NSString+MJExtension.h */ = {isa = PBXFileReference; fileEncoding = 4; lastKnownFileType = sourcecode.c.h; path = "NSString+MJExtension.h"; sourceTree = "<group>"; };
		EA2BF4192113F89F00AFB2F6 /* NSString+MJExtension.m */ = {isa = PBXFileReference; fileEncoding = 4; lastKnownFileType = sourcecode.c.objc; path = "NSString+MJExtension.m"; sourceTree = "<group>"; };
		EA2BF42A2113F9AF00AFB2F6 /* WHC_ModelSqlite.h */ = {isa = PBXFileReference; fileEncoding = 4; lastKnownFileType = sourcecode.c.h; path = WHC_ModelSqlite.h; sourceTree = "<group>"; };
		EA2BF42B2113F9AF00AFB2F6 /* WHC_ModelSqlite.m */ = {isa = PBXFileReference; fileEncoding = 4; lastKnownFileType = sourcecode.c.objc; path = WHC_ModelSqlite.m; sourceTree = "<group>"; };
		EA2BF42D211405DC00AFB2F6 /* AccountModel.h */ = {isa = PBXFileReference; lastKnownFileType = sourcecode.c.h; path = AccountModel.h; sourceTree = "<group>"; };
		EA2BF42E211405DC00AFB2F6 /* AccountModel.m */ = {isa = PBXFileReference; lastKnownFileType = sourcecode.c.objc; path = AccountModel.m; sourceTree = "<group>"; };
		EA2BF430211406FB00AFB2F6 /* AddressModel.h */ = {isa = PBXFileReference; lastKnownFileType = sourcecode.c.h; path = AddressModel.h; sourceTree = "<group>"; };
		EA2BF431211406FB00AFB2F6 /* AddressModel.m */ = {isa = PBXFileReference; lastKnownFileType = sourcecode.c.objc; path = AddressModel.m; sourceTree = "<group>"; };
		EA2BF433211426AB00AFB2F6 /* EthersWallet-ios.entitlements */ = {isa = PBXFileReference; lastKnownFileType = text.plist.entitlements; path = "EthersWallet-ios.entitlements"; sourceTree = "<group>"; };
		EA2BF43421142D2800AFB2F6 /* HomeViewController.h */ = {isa = PBXFileReference; lastKnownFileType = sourcecode.c.h; path = HomeViewController.h; sourceTree = "<group>"; };
		EA2BF43521142D2800AFB2F6 /* HomeViewController.m */ = {isa = PBXFileReference; lastKnownFileType = sourcecode.c.objc; path = HomeViewController.m; sourceTree = "<group>"; };
		EA2BF4382114578A00AFB2F6 /* HomeCell.h */ = {isa = PBXFileReference; lastKnownFileType = sourcecode.c.h; path = HomeCell.h; sourceTree = "<group>"; };
		EA2BF4392114578A00AFB2F6 /* HomeCell.m */ = {isa = PBXFileReference; lastKnownFileType = sourcecode.c.objc; path = HomeCell.m; sourceTree = "<group>"; };
		EA2BF43A2114578A00AFB2F6 /* HomeCell.xib */ = {isa = PBXFileReference; lastKnownFileType = file.xib; path = HomeCell.xib; sourceTree = "<group>"; };
		EA2BF44021145DB700AFB2F6 /* WalletDetailsViewController.h */ = {isa = PBXFileReference; lastKnownFileType = sourcecode.c.h; path = WalletDetailsViewController.h; sourceTree = "<group>"; };
		EA2BF44121145DB700AFB2F6 /* WalletDetailsViewController.m */ = {isa = PBXFileReference; lastKnownFileType = sourcecode.c.objc; path = WalletDetailsViewController.m; sourceTree = "<group>"; };
		EA2BF44221145DB700AFB2F6 /* WalletDetailsViewController.xib */ = {isa = PBXFileReference; lastKnownFileType = file.xib; path = WalletDetailsViewController.xib; sourceTree = "<group>"; };
		EA5C4186210EF10900A61E3D /* CreateWalletViewController.h */ = {isa = PBXFileReference; lastKnownFileType = sourcecode.c.h; path = CreateWalletViewController.h; sourceTree = "<group>"; };
		EA5C4187210EF10900A61E3D /* CreateWalletViewController.m */ = {isa = PBXFileReference; lastKnownFileType = sourcecode.c.objc; path = CreateWalletViewController.m; sourceTree = "<group>"; };
		EA5C4188210EF10900A61E3D /* CreateWalletViewController.xib */ = {isa = PBXFileReference; lastKnownFileType = file.xib; path = CreateWalletViewController.xib; sourceTree = "<group>"; };
		EA5C418B210EF2F100A61E3D /* UINavigationBar+BackgroundColor.h */ = {isa = PBXFileReference; lastKnownFileType = sourcecode.c.h; path = "UINavigationBar+BackgroundColor.h"; sourceTree = "<group>"; };
		EA5C418C210EF2F100A61E3D /* UINavigationBar+BackgroundColor.m */ = {isa = PBXFileReference; lastKnownFileType = sourcecode.c.objc; path = "UINavigationBar+BackgroundColor.m"; sourceTree = "<group>"; };
		EA5C418F210EF63000A61E3D /* WalletNavigationController.h */ = {isa = PBXFileReference; lastKnownFileType = sourcecode.c.h; path = WalletNavigationController.h; sourceTree = "<group>"; };
		EA5C4190210EF63000A61E3D /* WalletNavigationController.m */ = {isa = PBXFileReference; lastKnownFileType = sourcecode.c.objc; path = WalletNavigationController.m; sourceTree = "<group>"; };
		EA5C4193210EFA7200A61E3D /* MyTextField.h */ = {isa = PBXFileReference; lastKnownFileType = sourcecode.c.h; path = MyTextField.h; sourceTree = "<group>"; };
		EA5C4194210EFA7200A61E3D /* MyTextField.m */ = {isa = PBXFileReference; lastKnownFileType = sourcecode.c.objc; path = MyTextField.m; sourceTree = "<group>"; };
		EA5C4198210F0E3B00A61E3D /* SVIndefiniteAnimatedView.h */ = {isa = PBXFileReference; fileEncoding = 4; lastKnownFileType = sourcecode.c.h; path = SVIndefiniteAnimatedView.h; sourceTree = "<group>"; };
		EA5C4199210F0E3B00A61E3D /* SVIndefiniteAnimatedView.m */ = {isa = PBXFileReference; fileEncoding = 4; lastKnownFileType = sourcecode.c.objc; path = SVIndefiniteAnimatedView.m; sourceTree = "<group>"; };
		EA5C419A210F0E3B00A61E3D /* SVProgressAnimatedView.h */ = {isa = PBXFileReference; fileEncoding = 4; lastKnownFileType = sourcecode.c.h; path = SVProgressAnimatedView.h; sourceTree = "<group>"; };
		EA5C419B210F0E3B00A61E3D /* SVProgressAnimatedView.m */ = {isa = PBXFileReference; fileEncoding = 4; lastKnownFileType = sourcecode.c.objc; path = SVProgressAnimatedView.m; sourceTree = "<group>"; };
		EA5C419C210F0E3B00A61E3D /* SVProgressHUD-Prefix.pch */ = {isa = PBXFileReference; fileEncoding = 4; lastKnownFileType = sourcecode.c.h; path = "SVProgressHUD-Prefix.pch"; sourceTree = "<group>"; };
		EA5C419D210F0E3B00A61E3D /* SVProgressHUD.bundle */ = {isa = PBXFileReference; lastKnownFileType = "wrapper.plug-in"; path = SVProgressHUD.bundle; sourceTree = "<group>"; };
		EA5C419E210F0E3B00A61E3D /* SVProgressHUD.h */ = {isa = PBXFileReference; fileEncoding = 4; lastKnownFileType = sourcecode.c.h; path = SVProgressHUD.h; sourceTree = "<group>"; };
		EA5C419F210F0E3B00A61E3D /* SVProgressHUD.m */ = {isa = PBXFileReference; fileEncoding = 4; lastKnownFileType = sourcecode.c.objc; path = SVProgressHUD.m; sourceTree = "<group>"; };
		EA5C41A0210F0E3B00A61E3D /* SVRadialGradientLayer.h */ = {isa = PBXFileReference; fileEncoding = 4; lastKnownFileType = sourcecode.c.h; path = SVRadialGradientLayer.h; sourceTree = "<group>"; };
		EA5C41A1210F0E3B00A61E3D /* SVRadialGradientLayer.m */ = {isa = PBXFileReference; fileEncoding = 4; lastKnownFileType = sourcecode.c.objc; path = SVRadialGradientLayer.m; sourceTree = "<group>"; };
		EA74A48D210EE2B600AE1CFC /* WalletManager.h */ = {isa = PBXFileReference; fileEncoding = 4; lastKnownFileType = sourcecode.c.h; path = WalletManager.h; sourceTree = "<group>"; };
		EA74A48E210EE2B600AE1CFC /* WalletManager.m */ = {isa = PBXFileReference; fileEncoding = 4; lastKnownFileType = sourcecode.c.objc; path = WalletManager.m; sourceTree = "<group>"; };
		EA74A49A210EEEE200AE1CFC /* NotWalletViewController.h */ = {isa = PBXFileReference; lastKnownFileType = sourcecode.c.h; path = NotWalletViewController.h; sourceTree = "<group>"; };
		EA74A49B210EEEE200AE1CFC /* NotWalletViewController.m */ = {isa = PBXFileReference; lastKnownFileType = sourcecode.c.objc; path = NotWalletViewController.m; sourceTree = "<group>"; };
		EA74A49C210EEEE200AE1CFC /* NotWalletViewController.xib */ = {isa = PBXFileReference; lastKnownFileType = file.xib; path = NotWalletViewController.xib; sourceTree = "<group>"; };
		EAAF4074210B060F00065783 /* EthersWallet-ios.app */ = {isa = PBXFileReference; explicitFileType = wrapper.application; includeInIndex = 0; path = "EthersWallet-ios.app"; sourceTree = BUILT_PRODUCTS_DIR; };
		EAAF4077210B060F00065783 /* AppDelegate.h */ = {isa = PBXFileReference; lastKnownFileType = sourcecode.c.h; path = AppDelegate.h; sourceTree = "<group>"; };
		EAAF4078210B060F00065783 /* AppDelegate.m */ = {isa = PBXFileReference; lastKnownFileType = sourcecode.c.objc; path = AppDelegate.m; sourceTree = "<group>"; };
		EAAF407A210B060F00065783 /* ViewController.h */ = {isa = PBXFileReference; lastKnownFileType = sourcecode.c.h; path = ViewController.h; sourceTree = "<group>"; };
		EAAF407B210B060F00065783 /* ViewController.m */ = {isa = PBXFileReference; lastKnownFileType = sourcecode.c.objc; path = ViewController.m; sourceTree = "<group>"; };
		EAAF407E210B060F00065783 /* Base */ = {isa = PBXFileReference; lastKnownFileType = file.storyboard; name = Base; path = Base.lproj/Main.storyboard; sourceTree = "<group>"; };
		EAAF4080210B061100065783 /* Assets.xcassets */ = {isa = PBXFileReference; lastKnownFileType = folder.assetcatalog; path = Assets.xcassets; sourceTree = "<group>"; };
		EAAF4083210B061100065783 /* Base */ = {isa = PBXFileReference; lastKnownFileType = file.storyboard; name = Base; path = Base.lproj/LaunchScreen.storyboard; sourceTree = "<group>"; };
		EAAF4085210B061100065783 /* Info.plist */ = {isa = PBXFileReference; lastKnownFileType = text.plist.xml; path = Info.plist; sourceTree = "<group>"; };
		EAAF4086210B061100065783 /* main.m */ = {isa = PBXFileReference; lastKnownFileType = sourcecode.c.objc; path = main.m; sourceTree = "<group>"; };
		EAAF408C210B061100065783 /* EthersWallet-iosTests.xctest */ = {isa = PBXFileReference; explicitFileType = wrapper.cfbundle; includeInIndex = 0; path = "EthersWallet-iosTests.xctest"; sourceTree = BUILT_PRODUCTS_DIR; };
		EAAF4090210B061100065783 /* EthersWallet_iosTests.m */ = {isa = PBXFileReference; lastKnownFileType = sourcecode.c.objc; path = EthersWallet_iosTests.m; sourceTree = "<group>"; };
		EAAF4092210B061100065783 /* Info.plist */ = {isa = PBXFileReference; lastKnownFileType = text.plist.xml; path = Info.plist; sourceTree = "<group>"; };
		EAAF4097210B061100065783 /* EthersWallet-iosUITests.xctest */ = {isa = PBXFileReference; explicitFileType = wrapper.cfbundle; includeInIndex = 0; path = "EthersWallet-iosUITests.xctest"; sourceTree = BUILT_PRODUCTS_DIR; };
		EAAF409B210B061100065783 /* EthersWallet_iosUITests.m */ = {isa = PBXFileReference; lastKnownFileType = sourcecode.c.objc; path = EthersWallet_iosUITests.m; sourceTree = "<group>"; };
		EAAF409D210B061100065783 /* Info.plist */ = {isa = PBXFileReference; lastKnownFileType = text.plist.xml; path = Info.plist; sourceTree = "<group>"; };
		EAAF40A9210B066500065783 /* ethers.xcodeproj */ = {isa = PBXFileReference; lastKnownFileType = "wrapper.pb-project"; name = ethers.xcodeproj; path = ethers.objc/ethers.xcodeproj; sourceTree = "<group>"; };
		EAAF40C3210B3DF800065783 /* NSString+judge.h */ = {isa = PBXFileReference; lastKnownFileType = sourcecode.c.h; path = "NSString+judge.h"; sourceTree = "<group>"; };
		EAAF40C4210B3DF800065783 /* NSString+judge.m */ = {isa = PBXFileReference; lastKnownFileType = sourcecode.c.objc; path = "NSString+judge.m"; sourceTree = "<group>"; };
		EAD5A2BF211937BB00F5D50F /* HasKeyStoreViewController.h */ = {isa = PBXFileReference; lastKnownFileType = sourcecode.c.h; path = HasKeyStoreViewController.h; sourceTree = "<group>"; };
		EAD5A2C0211937BB00F5D50F /* HasKeyStoreViewController.m */ = {isa = PBXFileReference; lastKnownFileType = sourcecode.c.objc; path = HasKeyStoreViewController.m; sourceTree = "<group>"; };
		EAD5A2C1211937BB00F5D50F /* HasKeyStoreViewController.xib */ = {isa = PBXFileReference; lastKnownFileType = file.xib; path = HasKeyStoreViewController.xib; sourceTree = "<group>"; };
		EAD5A2C62119441100F5D50F /* HHShowView.h */ = {isa = PBXFileReference; fileEncoding = 4; lastKnownFileType = sourcecode.c.h; path = HHShowView.h; sourceTree = "<group>"; };
		EAD5A2C72119441200F5D50F /* HHShowView.m */ = {isa = PBXFileReference; fileEncoding = 4; lastKnownFileType = sourcecode.c.objc; path = HHShowView.m; sourceTree = "<group>"; };
		EAD5A2CA2119454F00F5D50F /* LICENSE */ = {isa = PBXFileReference; fileEncoding = 4; lastKnownFileType = text; path = LICENSE; sourceTree = "<group>"; };
		EAD5A2CC2119454F00F5D50F /* MASCompositeConstraint.h */ = {isa = PBXFileReference; fileEncoding = 4; lastKnownFileType = sourcecode.c.h; path = MASCompositeConstraint.h; sourceTree = "<group>"; };
		EAD5A2CD2119454F00F5D50F /* MASCompositeConstraint.m */ = {isa = PBXFileReference; fileEncoding = 4; lastKnownFileType = sourcecode.c.objc; path = MASCompositeConstraint.m; sourceTree = "<group>"; };
		EAD5A2CE2119454F00F5D50F /* MASConstraint+Private.h */ = {isa = PBXFileReference; fileEncoding = 4; lastKnownFileType = sourcecode.c.h; path = "MASConstraint+Private.h"; sourceTree = "<group>"; };
		EAD5A2CF2119454F00F5D50F /* MASConstraint.h */ = {isa = PBXFileReference; fileEncoding = 4; lastKnownFileType = sourcecode.c.h; path = MASConstraint.h; sourceTree = "<group>"; };
		EAD5A2D02119454F00F5D50F /* MASConstraint.m */ = {isa = PBXFileReference; fileEncoding = 4; lastKnownFileType = sourcecode.c.objc; path = MASConstraint.m; sourceTree = "<group>"; };
		EAD5A2D12119454F00F5D50F /* MASConstraintMaker.h */ = {isa = PBXFileReference; fileEncoding = 4; lastKnownFileType = sourcecode.c.h; path = MASConstraintMaker.h; sourceTree = "<group>"; };
		EAD5A2D22119454F00F5D50F /* MASConstraintMaker.m */ = {isa = PBXFileReference; fileEncoding = 4; lastKnownFileType = sourcecode.c.objc; path = MASConstraintMaker.m; sourceTree = "<group>"; };
		EAD5A2D32119454F00F5D50F /* MASLayoutConstraint.h */ = {isa = PBXFileReference; fileEncoding = 4; lastKnownFileType = sourcecode.c.h; path = MASLayoutConstraint.h; sourceTree = "<group>"; };
		EAD5A2D42119454F00F5D50F /* MASLayoutConstraint.m */ = {isa = PBXFileReference; fileEncoding = 4; lastKnownFileType = sourcecode.c.objc; path = MASLayoutConstraint.m; sourceTree = "<group>"; };
		EAD5A2D52119454F00F5D50F /* Masonry.h */ = {isa = PBXFileReference; fileEncoding = 4; lastKnownFileType = sourcecode.c.h; path = Masonry.h; sourceTree = "<group>"; };
		EAD5A2D62119454F00F5D50F /* MASUtilities.h */ = {isa = PBXFileReference; fileEncoding = 4; lastKnownFileType = sourcecode.c.h; path = MASUtilities.h; sourceTree = "<group>"; };
		EAD5A2D72119454F00F5D50F /* MASViewAttribute.h */ = {isa = PBXFileReference; fileEncoding = 4; lastKnownFileType = sourcecode.c.h; path = MASViewAttribute.h; sourceTree = "<group>"; };
		EAD5A2D82119454F00F5D50F /* MASViewAttribute.m */ = {isa = PBXFileReference; fileEncoding = 4; lastKnownFileType = sourcecode.c.objc; path = MASViewAttribute.m; sourceTree = "<group>"; };
		EAD5A2D92119454F00F5D50F /* MASViewConstraint.h */ = {isa = PBXFileReference; fileEncoding = 4; lastKnownFileType = sourcecode.c.h; path = MASViewConstraint.h; sourceTree = "<group>"; };
		EAD5A2DA2119454F00F5D50F /* MASViewConstraint.m */ = {isa = PBXFileReference; fileEncoding = 4; lastKnownFileType = sourcecode.c.objc; path = MASViewConstraint.m; sourceTree = "<group>"; };
		EAD5A2DB2119454F00F5D50F /* NSArray+MASAdditions.h */ = {isa = PBXFileReference; fileEncoding = 4; lastKnownFileType = sourcecode.c.h; path = "NSArray+MASAdditions.h"; sourceTree = "<group>"; };
		EAD5A2DC2119454F00F5D50F /* NSArray+MASAdditions.m */ = {isa = PBXFileReference; fileEncoding = 4; lastKnownFileType = sourcecode.c.objc; path = "NSArray+MASAdditions.m"; sourceTree = "<group>"; };
		EAD5A2DD2119454F00F5D50F /* NSArray+MASShorthandAdditions.h */ = {isa = PBXFileReference; fileEncoding = 4; lastKnownFileType = sourcecode.c.h; path = "NSArray+MASShorthandAdditions.h"; sourceTree = "<group>"; };
		EAD5A2DE2119454F00F5D50F /* NSLayoutConstraint+MASDebugAdditions.h */ = {isa = PBXFileReference; fileEncoding = 4; lastKnownFileType = sourcecode.c.h; path = "NSLayoutConstraint+MASDebugAdditions.h"; sourceTree = "<group>"; };
		EAD5A2DF2119454F00F5D50F /* NSLayoutConstraint+MASDebugAdditions.m */ = {isa = PBXFileReference; fileEncoding = 4; lastKnownFileType = sourcecode.c.objc; path = "NSLayoutConstraint+MASDebugAdditions.m"; sourceTree = "<group>"; };
		EAD5A2E02119454F00F5D50F /* View+MASAdditions.h */ = {isa = PBXFileReference; fileEncoding = 4; lastKnownFileType = sourcecode.c.h; path = "View+MASAdditions.h"; sourceTree = "<group>"; };
		EAD5A2E12119454F00F5D50F /* View+MASAdditions.m */ = {isa = PBXFileReference; fileEncoding = 4; lastKnownFileType = sourcecode.c.objc; path = "View+MASAdditions.m"; sourceTree = "<group>"; };
		EAD5A2E22119454F00F5D50F /* View+MASShorthandAdditions.h */ = {isa = PBXFileReference; fileEncoding = 4; lastKnownFileType = sourcecode.c.h; path = "View+MASShorthandAdditions.h"; sourceTree = "<group>"; };
		EAD5A2E32119454F00F5D50F /* ViewController+MASAdditions.h */ = {isa = PBXFileReference; fileEncoding = 4; lastKnownFileType = sourcecode.c.h; path = "ViewController+MASAdditions.h"; sourceTree = "<group>"; };
		EAD5A2E42119454F00F5D50F /* ViewController+MASAdditions.m */ = {isa = PBXFileReference; fileEncoding = 4; lastKnownFileType = sourcecode.c.objc; path = "ViewController+MASAdditions.m"; sourceTree = "<group>"; };
		EAD5A2E52119454F00F5D50F /* README.md */ = {isa = PBXFileReference; fileEncoding = 4; lastKnownFileType = net.daringfireball.markdown; path = README.md; sourceTree = "<group>"; };
		EAD5A2F221194B7D00F5D50F /* SimpleManager.h */ = {isa = PBXFileReference; lastKnownFileType = sourcecode.c.h; path = SimpleManager.h; sourceTree = "<group>"; };
		EAD5A2F321194B7D00F5D50F /* SimpleManager.m */ = {isa = PBXFileReference; lastKnownFileType = sourcecode.c.objc; path = SimpleManager.m; sourceTree = "<group>"; };
		EAD5A2F621196E0300F5D50F /* Setting ViewController.h */ = {isa = PBXFileReference; lastKnownFileType = sourcecode.c.h; path = "Setting ViewController.h"; sourceTree = "<group>"; };
		EAD5A2F721196E0300F5D50F /* Setting ViewController.m */ = {isa = PBXFileReference; lastKnownFileType = sourcecode.c.objc; path = "Setting ViewController.m"; sourceTree = "<group>"; };
		EAD5A2FA211982E700F5D50F /* TableViewCell.h */ = {isa = PBXFileReference; lastKnownFileType = sourcecode.c.h; path = TableViewCell.h; sourceTree = "<group>"; };
		EAD5A2FB211982E700F5D50F /* TableViewCell.m */ = {isa = PBXFileReference; lastKnownFileType = sourcecode.c.objc; path = TableViewCell.m; sourceTree = "<group>"; };
		EAD5A3022119870600F5D50F /* RestoreWalletViewController.h */ = {isa = PBXFileReference; lastKnownFileType = sourcecode.c.h; path = RestoreWalletViewController.h; sourceTree = "<group>"; };
		EAD5A3032119870600F5D50F /* RestoreWalletViewController.m */ = {isa = PBXFileReference; lastKnownFileType = sourcecode.c.objc; path = RestoreWalletViewController.m; sourceTree = "<group>"; };
/* End PBXFileReference section */

/* Begin PBXFrameworksBuildPhase section */
		EAAF4071210B060F00065783 /* Frameworks */ = {
			isa = PBXFrameworksBuildPhase;
			buildActionMask = 2147483647;
			files = (
				EA2BF3FF2113EEB600AFB2F6 /* Security.framework in Frameworks */,
				EAAF40B3210B067C00065783 /* ethers.framework in Frameworks */,
			);
			runOnlyForDeploymentPostprocessing = 0;
		};
		EAAF4089210B061100065783 /* Frameworks */ = {
			isa = PBXFrameworksBuildPhase;
			buildActionMask = 2147483647;
			files = (
			);
			runOnlyForDeploymentPostprocessing = 0;
		};
		EAAF4094210B061100065783 /* Frameworks */ = {
			isa = PBXFrameworksBuildPhase;
			buildActionMask = 2147483647;
			files = (
			);
			runOnlyForDeploymentPostprocessing = 0;
		};
/* End PBXFrameworksBuildPhase section */

/* Begin PBXGroup section */
		EA2BF4032113F89F00AFB2F6 /* MJExtension */ = {
			isa = PBXGroup;
			children = (
				EA2BF4042113F89F00AFB2F6 /* Info.plist */,
				EA2BF4052113F89F00AFB2F6 /* MJExtension.h */,
				EA2BF4062113F89F00AFB2F6 /* MJExtensionConst.h */,
				EA2BF4072113F89F00AFB2F6 /* MJExtensionConst.m */,
				EA2BF4082113F89F00AFB2F6 /* MJFoundation.h */,
				EA2BF4092113F89F00AFB2F6 /* MJFoundation.m */,
				EA2BF40A2113F89F00AFB2F6 /* MJProperty.h */,
				EA2BF40B2113F89F00AFB2F6 /* MJProperty.m */,
				EA2BF40C2113F89F00AFB2F6 /* MJPropertyKey.h */,
				EA2BF40D2113F89F00AFB2F6 /* MJPropertyKey.m */,
				EA2BF40E2113F89F00AFB2F6 /* MJPropertyType.h */,
				EA2BF40F2113F89F00AFB2F6 /* MJPropertyType.m */,
				EA2BF4102113F89F00AFB2F6 /* NSObject+MJClass.h */,
				EA2BF4112113F89F00AFB2F6 /* NSObject+MJClass.m */,
				EA2BF4122113F89F00AFB2F6 /* NSObject+MJCoding.h */,
				EA2BF4132113F89F00AFB2F6 /* NSObject+MJCoding.m */,
				EA2BF4142113F89F00AFB2F6 /* NSObject+MJKeyValue.h */,
				EA2BF4152113F89F00AFB2F6 /* NSObject+MJKeyValue.m */,
				EA2BF4162113F89F00AFB2F6 /* NSObject+MJProperty.h */,
				EA2BF4172113F89F00AFB2F6 /* NSObject+MJProperty.m */,
				EA2BF4182113F89F00AFB2F6 /* NSString+MJExtension.h */,
				EA2BF4192113F89F00AFB2F6 /* NSString+MJExtension.m */,
			);
			path = MJExtension;
			sourceTree = "<group>";
		};
		EA2BF4292113F9AF00AFB2F6 /* WHC_ModelSqliteKit */ = {
			isa = PBXGroup;
			children = (
				EA2BF42A2113F9AF00AFB2F6 /* WHC_ModelSqlite.h */,
				EA2BF42B2113F9AF00AFB2F6 /* WHC_ModelSqlite.m */,
			);
			path = WHC_ModelSqliteKit;
			sourceTree = "<group>";
		};
		EA2BF4372114576B00AFB2F6 /* View */ = {
			isa = PBXGroup;
			children = (
				EA2BF4382114578A00AFB2F6 /* HomeCell.h */,
				EA2BF4392114578A00AFB2F6 /* HomeCell.m */,
				EA2BF43A2114578A00AFB2F6 /* HomeCell.xib */,
				EAD5A2FA211982E700F5D50F /* TableViewCell.h */,
				EAD5A2FB211982E700F5D50F /* TableViewCell.m */,
			);
			path = View;
			sourceTree = "<group>";
		};
		EA5C418E210EF5FB00A61E3D /* NavigationController */ = {
			isa = PBXGroup;
			children = (
				EA5C418F210EF63000A61E3D /* WalletNavigationController.h */,
				EA5C4190210EF63000A61E3D /* WalletNavigationController.m */,
			);
			path = NavigationController;
			sourceTree = "<group>";
		};
		EA5C4192210EFA4600A61E3D /* tool */ = {
			isa = PBXGroup;
			children = (
				EAD5A2C62119441100F5D50F /* HHShowView.h */,
				EAD5A2C72119441200F5D50F /* HHShowView.m */,
				EA5C4193210EFA7200A61E3D /* MyTextField.h */,
				EA5C4194210EFA7200A61E3D /* MyTextField.m */,
				EA2BF4002113EF4900AFB2F6 /* KeychainItemWrapper.h */,
				EA2BF4012113EF4900AFB2F6 /* KeychainItemWrapper.m */,
				EAD5A2F221194B7D00F5D50F /* SimpleManager.h */,
				EAD5A2F321194B7D00F5D50F /* SimpleManager.m */,
			);
			path = tool;
			sourceTree = "<group>";
		};
		EA5C4196210F0E0800A61E3D /* ThirdParty */ = {
			isa = PBXGroup;
			children = (
				EAD5A2C92119454F00F5D50F /* Masonry */,
				EA2BF4292113F9AF00AFB2F6 /* WHC_ModelSqliteKit */,
				EA2BF4032113F89F00AFB2F6 /* MJExtension */,
				EA5C4197210F0E3B00A61E3D /* SVProgressHUD */,
			);
			path = ThirdParty;
			sourceTree = "<group>";
		};
		EA5C4197210F0E3B00A61E3D /* SVProgressHUD */ = {
			isa = PBXGroup;
			children = (
				EA5C4198210F0E3B00A61E3D /* SVIndefiniteAnimatedView.h */,
				EA5C4199210F0E3B00A61E3D /* SVIndefiniteAnimatedView.m */,
				EA5C419A210F0E3B00A61E3D /* SVProgressAnimatedView.h */,
				EA5C419B210F0E3B00A61E3D /* SVProgressAnimatedView.m */,
				EA5C419C210F0E3B00A61E3D /* SVProgressHUD-Prefix.pch */,
				EA5C419D210F0E3B00A61E3D /* SVProgressHUD.bundle */,
				EA5C419E210F0E3B00A61E3D /* SVProgressHUD.h */,
				EA5C419F210F0E3B00A61E3D /* SVProgressHUD.m */,
				EA5C41A0210F0E3B00A61E3D /* SVRadialGradientLayer.h */,
				EA5C41A1210F0E3B00A61E3D /* SVRadialGradientLayer.m */,
			);
			path = SVProgressHUD;
			sourceTree = "<group>";
		};
		EA74A48B210EE24F00AE1CFC /* Wallet */ = {
			isa = PBXGroup;
			children = (
				EA2BF4372114576B00AFB2F6 /* View */,
				EA74A490210EE2BF00AE1CFC /* Controller */,
				EA74A48C210EE28000AE1CFC /* Model */,
			);
			path = Wallet;
			sourceTree = "<group>";
		};
		EA74A48C210EE28000AE1CFC /* Model */ = {
			isa = PBXGroup;
			children = (
				EA74A48D210EE2B600AE1CFC /* WalletManager.h */,
				EA74A48E210EE2B600AE1CFC /* WalletManager.m */,
				EA2BF42D211405DC00AFB2F6 /* AccountModel.h */,
				EA2BF42E211405DC00AFB2F6 /* AccountModel.m */,
				EA2BF430211406FB00AFB2F6 /* AddressModel.h */,
				EA2BF431211406FB00AFB2F6 /* AddressModel.m */,
			);
			path = Model;
			sourceTree = "<group>";
		};
		EA74A490210EE2BF00AE1CFC /* Controller */ = {
			isa = PBXGroup;
			children = (
				EA74A49A210EEEE200AE1CFC /* NotWalletViewController.h */,
				EA74A49B210EEEE200AE1CFC /* NotWalletViewController.m */,
				EA74A49C210EEEE200AE1CFC /* NotWalletViewController.xib */,
				EA5C4186210EF10900A61E3D /* CreateWalletViewController.h */,
				EA5C4187210EF10900A61E3D /* CreateWalletViewController.m */,
				EA5C4188210EF10900A61E3D /* CreateWalletViewController.xib */,
				EA2BF43421142D2800AFB2F6 /* HomeViewController.h */,
				EA2BF43521142D2800AFB2F6 /* HomeViewController.m */,
				EA2BF44021145DB700AFB2F6 /* WalletDetailsViewController.h */,
				EA2BF44121145DB700AFB2F6 /* WalletDetailsViewController.m */,
				EA2BF44221145DB700AFB2F6 /* WalletDetailsViewController.xib */,
				EAD5A2BF211937BB00F5D50F /* HasKeyStoreViewController.h */,
				EAD5A2C0211937BB00F5D50F /* HasKeyStoreViewController.m */,
				EAD5A2C1211937BB00F5D50F /* HasKeyStoreViewController.xib */,
				EAD5A2F621196E0300F5D50F /* Setting ViewController.h */,
				EAD5A2F721196E0300F5D50F /* Setting ViewController.m */,
				EAD5A3022119870600F5D50F /* RestoreWalletViewController.h */,
				EAD5A3032119870600F5D50F /* RestoreWalletViewController.m */,
			);
			path = Controller;
			sourceTree = "<group>";
		};
		EAAF406B210B060F00065783 = {
			isa = PBXGroup;
			children = (
				EAAF40A9210B066500065783 /* ethers.xcodeproj */,
				EAAF4076210B060F00065783 /* EthersWallet-ios */,
				EAAF408F210B061100065783 /* EthersWallet-iosTests */,
				EAAF409A210B061100065783 /* EthersWallet-iosUITests */,
				EAAF4075210B060F00065783 /* Products */,
				EAAF40B2210B067C00065783 /* Frameworks */,
			);
			sourceTree = "<group>";
		};
		EAAF4075210B060F00065783 /* Products */ = {
			isa = PBXGroup;
			children = (
				EAAF4074210B060F00065783 /* EthersWallet-ios.app */,
				EAAF408C210B061100065783 /* EthersWallet-iosTests.xctest */,
				EAAF4097210B061100065783 /* EthersWallet-iosUITests.xctest */,
			);
			name = Products;
			sourceTree = "<group>";
		};
		EAAF4076210B060F00065783 /* EthersWallet-ios */ = {
			isa = PBXGroup;
			children = (
				EA2BF433211426AB00AFB2F6 /* EthersWallet-ios.entitlements */,
				EA5C4196210F0E0800A61E3D /* ThirdParty */,
				EA5C4192210EFA4600A61E3D /* tool */,
				EA5C418E210EF5FB00A61E3D /* NavigationController */,
				EA74A48B210EE24F00AE1CFC /* Wallet */,
				EAAF40C0210B3DC000065783 /* Category */,
				EAAF4077210B060F00065783 /* AppDelegate.h */,
				EAAF4078210B060F00065783 /* AppDelegate.m */,
				EAAF407A210B060F00065783 /* ViewController.h */,
				EAAF407B210B060F00065783 /* ViewController.m */,
				EAAF407D210B060F00065783 /* Main.storyboard */,
				EAAF4080210B061100065783 /* Assets.xcassets */,
				EAAF4082210B061100065783 /* LaunchScreen.storyboard */,
				EAAF4085210B061100065783 /* Info.plist */,
				EAAF4086210B061100065783 /* main.m */,
			);
			path = "EthersWallet-ios";
			sourceTree = "<group>";
		};
		EAAF408F210B061100065783 /* EthersWallet-iosTests */ = {
			isa = PBXGroup;
			children = (
				EAAF4090210B061100065783 /* EthersWallet_iosTests.m */,
				EAAF4092210B061100065783 /* Info.plist */,
			);
			path = "EthersWallet-iosTests";
			sourceTree = "<group>";
		};
		EAAF409A210B061100065783 /* EthersWallet-iosUITests */ = {
			isa = PBXGroup;
			children = (
				EAAF409B210B061100065783 /* EthersWallet_iosUITests.m */,
				EAAF409D210B061100065783 /* Info.plist */,
			);
			path = "EthersWallet-iosUITests";
			sourceTree = "<group>";
		};
		EAAF40AA210B066500065783 /* Products */ = {
			isa = PBXGroup;
			children = (
				EAAF40AF210B066500065783 /* ethers.framework */,
				EAAF40B1210B066500065783 /* ethersTests.xctest */,
			);
			name = Products;
			sourceTree = "<group>";
		};
		EAAF40B2210B067C00065783 /* Frameworks */ = {
			isa = PBXGroup;
			children = (
				EA2BF3FC2113EEB600AFB2F6 /* Security.framework */,
			);
			name = Frameworks;
			sourceTree = "<group>";
		};
		EAAF40C0210B3DC000065783 /* Category */ = {
			isa = PBXGroup;
			children = (
				EAAF40C3210B3DF800065783 /* NSString+judge.h */,
				EAAF40C4210B3DF800065783 /* NSString+judge.m */,
				EA5C418B210EF2F100A61E3D /* UINavigationBar+BackgroundColor.h */,
				EA5C418C210EF2F100A61E3D /* UINavigationBar+BackgroundColor.m */,
			);
			path = Category;
			sourceTree = "<group>";
		};
		EAD5A2C92119454F00F5D50F /* Masonry */ = {
			isa = PBXGroup;
			children = (
				EAD5A2CA2119454F00F5D50F /* LICENSE */,
				EAD5A2CB2119454F00F5D50F /* Masonry */,
				EAD5A2E52119454F00F5D50F /* README.md */,
			);
			path = Masonry;
			sourceTree = "<group>";
		};
		EAD5A2CB2119454F00F5D50F /* Masonry */ = {
			isa = PBXGroup;
			children = (
				EAD5A2CC2119454F00F5D50F /* MASCompositeConstraint.h */,
				EAD5A2CD2119454F00F5D50F /* MASCompositeConstraint.m */,
				EAD5A2CE2119454F00F5D50F /* MASConstraint+Private.h */,
				EAD5A2CF2119454F00F5D50F /* MASConstraint.h */,
				EAD5A2D02119454F00F5D50F /* MASConstraint.m */,
				EAD5A2D12119454F00F5D50F /* MASConstraintMaker.h */,
				EAD5A2D22119454F00F5D50F /* MASConstraintMaker.m */,
				EAD5A2D32119454F00F5D50F /* MASLayoutConstraint.h */,
				EAD5A2D42119454F00F5D50F /* MASLayoutConstraint.m */,
				EAD5A2D52119454F00F5D50F /* Masonry.h */,
				EAD5A2D62119454F00F5D50F /* MASUtilities.h */,
				EAD5A2D72119454F00F5D50F /* MASViewAttribute.h */,
				EAD5A2D82119454F00F5D50F /* MASViewAttribute.m */,
				EAD5A2D92119454F00F5D50F /* MASViewConstraint.h */,
				EAD5A2DA2119454F00F5D50F /* MASViewConstraint.m */,
				EAD5A2DB2119454F00F5D50F /* NSArray+MASAdditions.h */,
				EAD5A2DC2119454F00F5D50F /* NSArray+MASAdditions.m */,
				EAD5A2DD2119454F00F5D50F /* NSArray+MASShorthandAdditions.h */,
				EAD5A2DE2119454F00F5D50F /* NSLayoutConstraint+MASDebugAdditions.h */,
				EAD5A2DF2119454F00F5D50F /* NSLayoutConstraint+MASDebugAdditions.m */,
				EAD5A2E02119454F00F5D50F /* View+MASAdditions.h */,
				EAD5A2E12119454F00F5D50F /* View+MASAdditions.m */,
				EAD5A2E22119454F00F5D50F /* View+MASShorthandAdditions.h */,
				EAD5A2E32119454F00F5D50F /* ViewController+MASAdditions.h */,
				EAD5A2E42119454F00F5D50F /* ViewController+MASAdditions.m */,
			);
			path = Masonry;
			sourceTree = "<group>";
		};
/* End PBXGroup section */

/* Begin PBXNativeTarget section */
		EAAF4073210B060F00065783 /* EthersWallet-ios */ = {
			isa = PBXNativeTarget;
			buildConfigurationList = EAAF40A0210B061100065783 /* Build configuration list for PBXNativeTarget "EthersWallet-ios" */;
			buildPhases = (
				EAAF4070210B060F00065783 /* Sources */,
				EAAF4071210B060F00065783 /* Frameworks */,
				EAAF4072210B060F00065783 /* Resources */,
			);
			buildRules = (
			);
			dependencies = (
			);
			name = "EthersWallet-ios";
			productName = "EthersWallet-ios";
			productReference = EAAF4074210B060F00065783 /* EthersWallet-ios.app */;
			productType = "com.apple.product-type.application";
		};
		EAAF408B210B061100065783 /* EthersWallet-iosTests */ = {
			isa = PBXNativeTarget;
			buildConfigurationList = EAAF40A3210B061100065783 /* Build configuration list for PBXNativeTarget "EthersWallet-iosTests" */;
			buildPhases = (
				EAAF4088210B061100065783 /* Sources */,
				EAAF4089210B061100065783 /* Frameworks */,
				EAAF408A210B061100065783 /* Resources */,
			);
			buildRules = (
			);
			dependencies = (
				EAAF408E210B061100065783 /* PBXTargetDependency */,
			);
			name = "EthersWallet-iosTests";
			productName = "EthersWallet-iosTests";
			productReference = EAAF408C210B061100065783 /* EthersWallet-iosTests.xctest */;
			productType = "com.apple.product-type.bundle.unit-test";
		};
		EAAF4096210B061100065783 /* EthersWallet-iosUITests */ = {
			isa = PBXNativeTarget;
			buildConfigurationList = EAAF40A6210B061100065783 /* Build configuration list for PBXNativeTarget "EthersWallet-iosUITests" */;
			buildPhases = (
				EAAF4093210B061100065783 /* Sources */,
				EAAF4094210B061100065783 /* Frameworks */,
				EAAF4095210B061100065783 /* Resources */,
			);
			buildRules = (
			);
			dependencies = (
				EAAF4099210B061100065783 /* PBXTargetDependency */,
			);
			name = "EthersWallet-iosUITests";
			productName = "EthersWallet-iosUITests";
			productReference = EAAF4097210B061100065783 /* EthersWallet-iosUITests.xctest */;
			productType = "com.apple.product-type.bundle.ui-testing";
		};
/* End PBXNativeTarget section */

/* Begin PBXProject section */
		EAAF406C210B060F00065783 /* Project object */ = {
			isa = PBXProject;
			attributes = {
				LastUpgradeCheck = 0940;
				ORGANIZATIONNAME = weipeng.mao;
				TargetAttributes = {
					EAAF4073210B060F00065783 = {
						CreatedOnToolsVersion = 9.4.1;
						SystemCapabilities = {
							com.apple.Keychain = {
								enabled = 1;
							};
						};
					};
					EAAF408B210B061100065783 = {
						CreatedOnToolsVersion = 9.4.1;
						TestTargetID = EAAF4073210B060F00065783;
					};
					EAAF4096210B061100065783 = {
						CreatedOnToolsVersion = 9.4.1;
						TestTargetID = EAAF4073210B060F00065783;
					};
				};
			};
			buildConfigurationList = EAAF406F210B060F00065783 /* Build configuration list for PBXProject "EthersWallet-ios" */;
			compatibilityVersion = "Xcode 9.3";
			developmentRegion = en;
			hasScannedForEncodings = 0;
			knownRegions = (
				en,
				Base,
			);
			mainGroup = EAAF406B210B060F00065783;
			productRefGroup = EAAF4075210B060F00065783 /* Products */;
			projectDirPath = "";
			projectReferences = (
				{
					ProductGroup = EAAF40AA210B066500065783 /* Products */;
					ProjectRef = EAAF40A9210B066500065783 /* ethers.xcodeproj */;
				},
			);
			projectRoot = "";
			targets = (
				EAAF4073210B060F00065783 /* EthersWallet-ios */,
				EAAF408B210B061100065783 /* EthersWallet-iosTests */,
				EAAF4096210B061100065783 /* EthersWallet-iosUITests */,
			);
		};
/* End PBXProject section */

/* Begin PBXReferenceProxy section */
		EAAF40AF210B066500065783 /* ethers.framework */ = {
			isa = PBXReferenceProxy;
			fileType = wrapper.framework;
			path = ethers.framework;
			remoteRef = EAAF40AE210B066500065783 /* PBXContainerItemProxy */;
			sourceTree = BUILT_PRODUCTS_DIR;
		};
		EAAF40B1210B066500065783 /* ethersTests.xctest */ = {
			isa = PBXReferenceProxy;
			fileType = wrapper.cfbundle;
			path = ethersTests.xctest;
			remoteRef = EAAF40B0210B066500065783 /* PBXContainerItemProxy */;
			sourceTree = BUILT_PRODUCTS_DIR;
		};
/* End PBXReferenceProxy section */

/* Begin PBXResourcesBuildPhase section */
		EAAF4072210B060F00065783 /* Resources */ = {
			isa = PBXResourcesBuildPhase;
			buildActionMask = 2147483647;
			files = (
				EAAF4084210B061100065783 /* LaunchScreen.storyboard in Resources */,
				EA5C41A4210F0E3B00A61E3D /* SVProgressHUD.bundle in Resources */,
				EA5C418A210EF10900A61E3D /* CreateWalletViewController.xib in Resources */,
				EA2BF44421145DB700AFB2F6 /* WalletDetailsViewController.xib in Resources */,
				EA74A49E210EEEE200AE1CFC /* NotWalletViewController.xib in Resources */,
				EAD5A2E62119454F00F5D50F /* LICENSE in Resources */,
				EAD5A2F12119454F00F5D50F /* README.md in Resources */,
				EAD5A2C3211937BB00F5D50F /* HasKeyStoreViewController.xib in Resources */,
				EAAF4081210B061100065783 /* Assets.xcassets in Resources */,
				EAAF407F210B060F00065783 /* Main.storyboard in Resources */,
				EA2BF43C2114578A00AFB2F6 /* HomeCell.xib in Resources */,
				EA2BF41A2113F89F00AFB2F6 /* Info.plist in Resources */,
			);
			runOnlyForDeploymentPostprocessing = 0;
		};
		EAAF408A210B061100065783 /* Resources */ = {
			isa = PBXResourcesBuildPhase;
			buildActionMask = 2147483647;
			files = (
			);
			runOnlyForDeploymentPostprocessing = 0;
		};
		EAAF4095210B061100065783 /* Resources */ = {
			isa = PBXResourcesBuildPhase;
			buildActionMask = 2147483647;
			files = (
			);
			runOnlyForDeploymentPostprocessing = 0;
		};
/* End PBXResourcesBuildPhase section */

/* Begin PBXSourcesBuildPhase section */
		EAAF4070210B060F00065783 /* Sources */ = {
			isa = PBXSourcesBuildPhase;
			buildActionMask = 2147483647;
			files = (
				EAD5A2EC2119454F00F5D50F /* MASViewConstraint.m in Sources */,
				EAD5A2F02119454F00F5D50F /* ViewController+MASAdditions.m in Sources */,
				EA2BF42C2113F9AF00AFB2F6 /* WHC_ModelSqlite.m in Sources */,
				EAD5A2FC211982E700F5D50F /* TableViewCell.m in Sources */,
				EA2BF44321145DB700AFB2F6 /* WalletDetailsViewController.m in Sources */,
				EAAF40C5210B3DF800065783 /* NSString+judge.m in Sources */,
				EA2BF4222113F89F00AFB2F6 /* NSObject+MJKeyValue.m in Sources */,
				EA2BF42F211405DC00AFB2F6 /* AccountModel.m in Sources */,
				EAD5A2E92119454F00F5D50F /* MASConstraintMaker.m in Sources */,
				EA5C4191210EF63000A61E3D /* WalletNavigationController.m in Sources */,
				EAAF407C210B060F00065783 /* ViewController.m in Sources */,
				EAD5A2C2211937BB00F5D50F /* HasKeyStoreViewController.m in Sources */,
				EAD5A2EB2119454F00F5D50F /* MASViewAttribute.m in Sources */,
				EA2BF43621142D2800AFB2F6 /* HomeViewController.m in Sources */,
				EAD5A2ED2119454F00F5D50F /* NSArray+MASAdditions.m in Sources */,
				EAAF4087210B061100065783 /* main.m in Sources */,
				EAD5A3042119870600F5D50F /* RestoreWalletViewController.m in Sources */,
				EAD5A2F421194B7D00F5D50F /* SimpleManager.m in Sources */,
				EAD5A2E72119454F00F5D50F /* MASCompositeConstraint.m in Sources */,
				EA5C418D210EF2F100A61E3D /* UINavigationBar+BackgroundColor.m in Sources */,
				EA2BF41F2113F89F00AFB2F6 /* MJPropertyType.m in Sources */,
				EA2BF4232113F89F00AFB2F6 /* NSObject+MJProperty.m in Sources */,
				EAD5A2F821196E0300F5D50F /* Setting ViewController.m in Sources */,
				EA2BF4212113F89F00AFB2F6 /* NSObject+MJCoding.m in Sources */,
				EA2BF43B2114578A00AFB2F6 /* HomeCell.m in Sources */,
				EAD5A2EF2119454F00F5D50F /* View+MASAdditions.m in Sources */,
				EAD5A2C82119441200F5D50F /* HHShowView.m in Sources */,
				EA5C4195210EFA7200A61E3D /* MyTextField.m in Sources */,
				EA74A48F210EE2B600AE1CFC /* WalletManager.m in Sources */,
				EAD5A2E82119454F00F5D50F /* MASConstraint.m in Sources */,
				EA5C41A6210F0E3B00A61E3D /* SVRadialGradientLayer.m in Sources */,
				EA2BF41E2113F89F00AFB2F6 /* MJPropertyKey.m in Sources */,
				EA2BF41B2113F89F00AFB2F6 /* MJExtensionConst.m in Sources */,
				EA2BF4022113EF4900AFB2F6 /* KeychainItemWrapper.m in Sources */,
				EA2BF4202113F89F00AFB2F6 /* NSObject+MJClass.m in Sources */,
				EAAF4079210B060F00065783 /* AppDelegate.m in Sources */,
				EA5C4189210EF10900A61E3D /* CreateWalletViewController.m in Sources */,
				EA2BF432211406FB00AFB2F6 /* AddressModel.m in Sources */,
				EA5C41A5210F0E3B00A61E3D /* SVProgressHUD.m in Sources */,
				EA2BF41D2113F89F00AFB2F6 /* MJProperty.m in Sources */,
				EAD5A2EA2119454F00F5D50F /* MASLayoutConstraint.m in Sources */,
				EAD5A2EE2119454F00F5D50F /* NSLayoutConstraint+MASDebugAdditions.m in Sources */,
				EA5C41A2210F0E3B00A61E3D /* SVIndefiniteAnimatedView.m in Sources */,
				EA74A49D210EEEE200AE1CFC /* NotWalletViewController.m in Sources */,
				EA5C41A3210F0E3B00A61E3D /* SVProgressAnimatedView.m in Sources */,
				EA2BF4242113F89F00AFB2F6 /* NSString+MJExtension.m in Sources */,
				EA2BF41C2113F89F00AFB2F6 /* MJFoundation.m in Sources */,
			);
			runOnlyForDeploymentPostprocessing = 0;
		};
		EAAF4088210B061100065783 /* Sources */ = {
			isa = PBXSourcesBuildPhase;
			buildActionMask = 2147483647;
			files = (
				EAAF4091210B061100065783 /* EthersWallet_iosTests.m in Sources */,
			);
			runOnlyForDeploymentPostprocessing = 0;
		};
		EAAF4093210B061100065783 /* Sources */ = {
			isa = PBXSourcesBuildPhase;
			buildActionMask = 2147483647;
			files = (
				EAAF409C210B061100065783 /* EthersWallet_iosUITests.m in Sources */,
			);
			runOnlyForDeploymentPostprocessing = 0;
		};
/* End PBXSourcesBuildPhase section */

/* Begin PBXTargetDependency section */
		EAAF408E210B061100065783 /* PBXTargetDependency */ = {
			isa = PBXTargetDependency;
			target = EAAF4073210B060F00065783 /* EthersWallet-ios */;
			targetProxy = EAAF408D210B061100065783 /* PBXContainerItemProxy */;
		};
		EAAF4099210B061100065783 /* PBXTargetDependency */ = {
			isa = PBXTargetDependency;
			target = EAAF4073210B060F00065783 /* EthersWallet-ios */;
			targetProxy = EAAF4098210B061100065783 /* PBXContainerItemProxy */;
		};
/* End PBXTargetDependency section */

/* Begin PBXVariantGroup section */
		EAAF407D210B060F00065783 /* Main.storyboard */ = {
			isa = PBXVariantGroup;
			children = (
				EAAF407E210B060F00065783 /* Base */,
			);
			name = Main.storyboard;
			sourceTree = "<group>";
		};
		EAAF4082210B061100065783 /* LaunchScreen.storyboard */ = {
			isa = PBXVariantGroup;
			children = (
				EAAF4083210B061100065783 /* Base */,
			);
			name = LaunchScreen.storyboard;
			sourceTree = "<group>";
		};
/* End PBXVariantGroup section */

/* Begin XCBuildConfiguration section */
		EAAF409E210B061100065783 /* Debug */ = {
			isa = XCBuildConfiguration;
			buildSettings = {
				ALWAYS_SEARCH_USER_PATHS = NO;
				CLANG_ANALYZER_NONNULL = YES;
				CLANG_ANALYZER_NUMBER_OBJECT_CONVERSION = YES_AGGRESSIVE;
				CLANG_CXX_LANGUAGE_STANDARD = "gnu++14";
				CLANG_CXX_LIBRARY = "libc++";
				CLANG_ENABLE_MODULES = YES;
				CLANG_ENABLE_OBJC_ARC = YES;
				CLANG_ENABLE_OBJC_WEAK = YES;
				CLANG_WARN_BLOCK_CAPTURE_AUTORELEASING = YES;
				CLANG_WARN_BOOL_CONVERSION = YES;
				CLANG_WARN_COMMA = YES;
				CLANG_WARN_CONSTANT_CONVERSION = YES;
				CLANG_WARN_DEPRECATED_OBJC_IMPLEMENTATIONS = YES;
				CLANG_WARN_DIRECT_OBJC_ISA_USAGE = YES_ERROR;
				CLANG_WARN_DOCUMENTATION_COMMENTS = YES;
				CLANG_WARN_EMPTY_BODY = YES;
				CLANG_WARN_ENUM_CONVERSION = YES;
				CLANG_WARN_INFINITE_RECURSION = YES;
				CLANG_WARN_INT_CONVERSION = YES;
				CLANG_WARN_NON_LITERAL_NULL_CONVERSION = YES;
				CLANG_WARN_OBJC_IMPLICIT_RETAIN_SELF = YES;
				CLANG_WARN_OBJC_LITERAL_CONVERSION = YES;
				CLANG_WARN_OBJC_ROOT_CLASS = YES_ERROR;
				CLANG_WARN_RANGE_LOOP_ANALYSIS = YES;
				CLANG_WARN_STRICT_PROTOTYPES = YES;
				CLANG_WARN_SUSPICIOUS_MOVE = YES;
				CLANG_WARN_UNGUARDED_AVAILABILITY = YES_AGGRESSIVE;
				CLANG_WARN_UNREACHABLE_CODE = YES;
				CLANG_WARN__DUPLICATE_METHOD_MATCH = YES;
				CODE_SIGN_IDENTITY = "iPhone Developer";
				COPY_PHASE_STRIP = NO;
				DEBUG_INFORMATION_FORMAT = dwarf;
				ENABLE_STRICT_OBJC_MSGSEND = YES;
				ENABLE_TESTABILITY = YES;
				GCC_C_LANGUAGE_STANDARD = gnu11;
				GCC_DYNAMIC_NO_PIC = NO;
				GCC_NO_COMMON_BLOCKS = YES;
				GCC_OPTIMIZATION_LEVEL = 0;
				GCC_PREPROCESSOR_DEFINITIONS = (
					"DEBUG=1",
					"$(inherited)",
				);
				GCC_WARN_64_TO_32_BIT_CONVERSION = YES;
				GCC_WARN_ABOUT_RETURN_TYPE = YES_ERROR;
				GCC_WARN_UNDECLARED_SELECTOR = YES;
				GCC_WARN_UNINITIALIZED_AUTOS = YES_AGGRESSIVE;
				GCC_WARN_UNUSED_FUNCTION = YES;
				GCC_WARN_UNUSED_VARIABLE = YES;
				IPHONEOS_DEPLOYMENT_TARGET = 11.4;
				MTL_ENABLE_DEBUG_INFO = YES;
				ONLY_ACTIVE_ARCH = YES;
				SDKROOT = iphoneos;
			};
			name = Debug;
		};
		EAAF409F210B061100065783 /* Release */ = {
			isa = XCBuildConfiguration;
			buildSettings = {
				ALWAYS_SEARCH_USER_PATHS = NO;
				CLANG_ANALYZER_NONNULL = YES;
				CLANG_ANALYZER_NUMBER_OBJECT_CONVERSION = YES_AGGRESSIVE;
				CLANG_CXX_LANGUAGE_STANDARD = "gnu++14";
				CLANG_CXX_LIBRARY = "libc++";
				CLANG_ENABLE_MODULES = YES;
				CLANG_ENABLE_OBJC_ARC = YES;
				CLANG_ENABLE_OBJC_WEAK = YES;
				CLANG_WARN_BLOCK_CAPTURE_AUTORELEASING = YES;
				CLANG_WARN_BOOL_CONVERSION = YES;
				CLANG_WARN_COMMA = YES;
				CLANG_WARN_CONSTANT_CONVERSION = YES;
				CLANG_WARN_DEPRECATED_OBJC_IMPLEMENTATIONS = YES;
				CLANG_WARN_DIRECT_OBJC_ISA_USAGE = YES_ERROR;
				CLANG_WARN_DOCUMENTATION_COMMENTS = YES;
				CLANG_WARN_EMPTY_BODY = YES;
				CLANG_WARN_ENUM_CONVERSION = YES;
				CLANG_WARN_INFINITE_RECURSION = YES;
				CLANG_WARN_INT_CONVERSION = YES;
				CLANG_WARN_NON_LITERAL_NULL_CONVERSION = YES;
				CLANG_WARN_OBJC_IMPLICIT_RETAIN_SELF = YES;
				CLANG_WARN_OBJC_LITERAL_CONVERSION = YES;
				CLANG_WARN_OBJC_ROOT_CLASS = YES_ERROR;
				CLANG_WARN_RANGE_LOOP_ANALYSIS = YES;
				CLANG_WARN_STRICT_PROTOTYPES = YES;
				CLANG_WARN_SUSPICIOUS_MOVE = YES;
				CLANG_WARN_UNGUARDED_AVAILABILITY = YES_AGGRESSIVE;
				CLANG_WARN_UNREACHABLE_CODE = YES;
				CLANG_WARN__DUPLICATE_METHOD_MATCH = YES;
				CODE_SIGN_IDENTITY = "iPhone Developer";
				COPY_PHASE_STRIP = NO;
				DEBUG_INFORMATION_FORMAT = "dwarf-with-dsym";
				ENABLE_NS_ASSERTIONS = NO;
				ENABLE_STRICT_OBJC_MSGSEND = YES;
				GCC_C_LANGUAGE_STANDARD = gnu11;
				GCC_NO_COMMON_BLOCKS = YES;
				GCC_WARN_64_TO_32_BIT_CONVERSION = YES;
				GCC_WARN_ABOUT_RETURN_TYPE = YES_ERROR;
				GCC_WARN_UNDECLARED_SELECTOR = YES;
				GCC_WARN_UNINITIALIZED_AUTOS = YES_AGGRESSIVE;
				GCC_WARN_UNUSED_FUNCTION = YES;
				GCC_WARN_UNUSED_VARIABLE = YES;
				IPHONEOS_DEPLOYMENT_TARGET = 11.4;
				MTL_ENABLE_DEBUG_INFO = NO;
				SDKROOT = iphoneos;
				VALIDATE_PRODUCT = YES;
			};
			name = Release;
		};
		EAAF40A1210B061100065783 /* Debug */ = {
			isa = XCBuildConfiguration;
			buildSettings = {
				ASSETCATALOG_COMPILER_APPICON_NAME = AppIcon;
				CODE_SIGN_ENTITLEMENTS = "EthersWallet-ios/EthersWallet-ios.entitlements";
				CODE_SIGN_STYLE = Automatic;
				DEVELOPMENT_TEAM = 8GW64V7XCK;
				INFOPLIST_FILE = "EthersWallet-ios/Info.plist";
				LD_RUNPATH_SEARCH_PATHS = (
					"$(inherited)",
					"@executable_path/Frameworks",
				);
				PRODUCT_BUNDLE_IDENTIFIER = "com.EthersWallet-ios";
				PRODUCT_NAME = "$(TARGET_NAME)";
				TARGETED_DEVICE_FAMILY = "1,2";
			};
			name = Debug;
		};
		EAAF40A2210B061100065783 /* Release */ = {
			isa = XCBuildConfiguration;
			buildSettings = {
				ASSETCATALOG_COMPILER_APPICON_NAME = AppIcon;
				CODE_SIGN_ENTITLEMENTS = "EthersWallet-ios/EthersWallet-ios.entitlements";
				CODE_SIGN_STYLE = Automatic;
				DEVELOPMENT_TEAM = 8GW64V7XCK;
				INFOPLIST_FILE = "EthersWallet-ios/Info.plist";
				LD_RUNPATH_SEARCH_PATHS = (
					"$(inherited)",
					"@executable_path/Frameworks",
				);
				PRODUCT_BUNDLE_IDENTIFIER = "com.EthersWallet-ios";
				PRODUCT_NAME = "$(TARGET_NAME)";
				TARGETED_DEVICE_FAMILY = "1,2";
			};
			name = Release;
		};
		EAAF40A4210B061100065783 /* Debug */ = {
			isa = XCBuildConfiguration;
			buildSettings = {
				BUNDLE_LOADER = "$(TEST_HOST)";
				CODE_SIGN_STYLE = Automatic;
				INFOPLIST_FILE = "EthersWallet-iosTests/Info.plist";
				LD_RUNPATH_SEARCH_PATHS = (
					"$(inherited)",
					"@executable_path/Frameworks",
					"@loader_path/Frameworks",
				);
				PRODUCT_BUNDLE_IDENTIFIER = "com..EthersWallet-iosTests";
				PRODUCT_NAME = "$(TARGET_NAME)";
				TARGETED_DEVICE_FAMILY = "1,2";
				TEST_HOST = "$(BUILT_PRODUCTS_DIR)/EthersWallet-ios.app/EthersWallet-ios";
			};
			name = Debug;
		};
		EAAF40A5210B061100065783 /* Release */ = {
			isa = XCBuildConfiguration;
			buildSettings = {
				BUNDLE_LOADER = "$(TEST_HOST)";
				CODE_SIGN_STYLE = Automatic;
				INFOPLIST_FILE = "EthersWallet-iosTests/Info.plist";
				LD_RUNPATH_SEARCH_PATHS = (
					"$(inherited)",
					"@executable_path/Frameworks",
					"@loader_path/Frameworks",
				);
				PRODUCT_BUNDLE_IDENTIFIER = "com..EthersWallet-iosTests";
				PRODUCT_NAME = "$(TARGET_NAME)";
				TARGETED_DEVICE_FAMILY = "1,2";
				TEST_HOST = "$(BUILT_PRODUCTS_DIR)/EthersWallet-ios.app/EthersWallet-ios";
			};
			name = Release;
		};
		EAAF40A7210B061100065783 /* Debug */ = {
			isa = XCBuildConfiguration;
			buildSettings = {
				CODE_SIGN_STYLE = Automatic;
				INFOPLIST_FILE = "EthersWallet-iosUITests/Info.plist";
				LD_RUNPATH_SEARCH_PATHS = (
					"$(inherited)",
					"@executable_path/Frameworks",
					"@loader_path/Frameworks",
				);
				PRODUCT_BUNDLE_IDENTIFIER = "com..EthersWallet-iosUITests";
				PRODUCT_NAME = "$(TARGET_NAME)";
				TARGETED_DEVICE_FAMILY = "1,2";
				TEST_TARGET_NAME = "EthersWallet-ios";
			};
			name = Debug;
		};
		EAAF40A8210B061100065783 /* Release */ = {
			isa = XCBuildConfiguration;
			buildSettings = {
				CODE_SIGN_STYLE = Automatic;
				INFOPLIST_FILE = "EthersWallet-iosUITests/Info.plist";
				LD_RUNPATH_SEARCH_PATHS = (
					"$(inherited)",
					"@executable_path/Frameworks",
					"@loader_path/Frameworks",
				);
				PRODUCT_BUNDLE_IDENTIFIER = "com..EthersWallet-iosUITests";
				PRODUCT_NAME = "$(TARGET_NAME)";
				TARGETED_DEVICE_FAMILY = "1,2";
				TEST_TARGET_NAME = "EthersWallet-ios";
			};
			name = Release;
		};
/* End XCBuildConfiguration section */

/* Begin XCConfigurationList section */
		EAAF406F210B060F00065783 /* Build configuration list for PBXProject "EthersWallet-ios" */ = {
			isa = XCConfigurationList;
			buildConfigurations = (
				EAAF409E210B061100065783 /* Debug */,
				EAAF409F210B061100065783 /* Release */,
			);
			defaultConfigurationIsVisible = 0;
			defaultConfigurationName = Release;
		};
		EAAF40A0210B061100065783 /* Build configuration list for PBXNativeTarget "EthersWallet-ios" */ = {
			isa = XCConfigurationList;
			buildConfigurations = (
				EAAF40A1210B061100065783 /* Debug */,
				EAAF40A2210B061100065783 /* Release */,
			);
			defaultConfigurationIsVisible = 0;
			defaultConfigurationName = Release;
		};
		EAAF40A3210B061100065783 /* Build configuration list for PBXNativeTarget "EthersWallet-iosTests" */ = {
			isa = XCConfigurationList;
			buildConfigurations = (
				EAAF40A4210B061100065783 /* Debug */,
				EAAF40A5210B061100065783 /* Release */,
			);
			defaultConfigurationIsVisible = 0;
			defaultConfigurationName = Release;
		};
		EAAF40A6210B061100065783 /* Build configuration list for PBXNativeTarget "EthersWallet-iosUITests" */ = {
			isa = XCConfigurationList;
			buildConfigurations = (
				EAAF40A7210B061100065783 /* Debug */,
				EAAF40A8210B061100065783 /* Release */,
			);
			defaultConfigurationIsVisible = 0;
			defaultConfigurationName = Release;
		};
/* End XCConfigurationList section */
	};
	rootObject = EAAF406C210B060F00065783 /* Project object */;
}
